
Microsoft Visual Studio Solution File, Format Version 12.00
# Visual Studio Version 16
VisualStudioVersion = 16.0.30225.117
MinimumVisualStudioVersion = 10.0.40219.1
Project("{FAE04EC0-301F-11D3-BF4B-00C04F79EFBC}") = "WPFTestApp", "WPFTestApp\WPFTestApp.csproj", "{DE33E82A-E7EB-45E5-AA3F-27FBE0897A7A}"
EndProject
Project("{FAE04EC0-301F-11D3-BF4B-00C04F79EFBC}") = "MahAppsTestApp", "MahAppsTestApp\MahAppsTestApp.csproj", "{A0B505F1-8023-4ECE-842C-A9EFC50CD87F}"
EndProject
Global
	GlobalSection(SolutionConfigurationPlatforms) = preSolution
		Debug|Any CPU = Debug|Any CPU
		Release|Any CPU = Release|Any CPU
	EndGlobalSection
	GlobalSection(ProjectConfigurationPlatforms) = postSolution
		{DE33E82A-E7EB-45E5-AA3F-27FBE0897A7A}.Debug|Any CPU.ActiveCfg = Debug|Any CPU
		{DE33E82A-E7EB-45E5-AA3F-27FBE0897A7A}.Debug|Any CPU.Build.0 = Debug|Any CPU
		{DE33E82A-E7EB-45E5-AA3F-27FBE0897A7A}.Release|Any CPU.ActiveCfg = Release|Any CPU
		{DE33E82A-E7EB-45E5-AA3F-27FBE0897A7A}.Release|Any CPU.Build.0 = Release|Any CPU
		{A0B505F1-8023-4ECE-842C-A9EFC50CD87F}.Debug|Any CPU.ActiveCfg = Debug|Any CPU
		{A0B505F1-8023-4ECE-842C-A9EFC50CD87F}.Debug|Any CPU.Build.0 = Debug|Any CPU
		{A0B505F1-8023-4ECE-842C-A9EFC50CD87F}.Release|Any CPU.ActiveCfg = Release|Any CPU
		{A0B505F1-8023-4ECE-842C-A9EFC50CD87F}.Release|Any CPU.Build.0 = Release|Any CPU
	EndGlobalSection
	GlobalSection(SolutionProperties) = preSolution
		HideSolutionNode = FALSE
	EndGlobalSection
	GlobalSection(ExtensibilityGlobals) = postSolution
		SolutionGuid = {7ADBE18D-BDEA-49EC-8123-7E93484E52F2}
	EndGlobalSection
EndGlobal
